
Microsoft Visual Studio Solution File, Format Version 12.00
# Visual Studio Version 17
VisualStudioVersion = 17.5.002.0
MinimumVisualStudioVersion = 10.0.40219.1
Project("{9A19103F-16F7-4668-BE54-9A1E7A4F7556}") = "server", "server\server.csproj", "{FB6AC376-3151-4999-B477-E571C50FFD5F}"
EndProject
Project("{FAE04EC0-301F-11D3-BF4B-00C04F79EFBC}") = "server.DataLayer", "DataLayer\server.DataLayer.csproj", "{AC5B46BE-20F2-44FD-987E-FABC789E79D6}"
EndProject
Project("{FAE04EC0-301F-11D3-BF4B-00C04F79EFBC}") = "server.services", "server.services\server.services.csproj", "{409F09EA-48EF-44B5-A570-6BBEA5312AB6}"
EndProject
Project("{FAE04EC0-301F-11D3-BF4B-00C04F79EFBC}") = "server.repository", "server.repository\server.repository.csproj", "{A753F6D0-B5BA-4C64-9786-E86E1802996C}"
EndProject
Global
	GlobalSection(SolutionConfigurationPlatforms) = preSolution
		Debug|Any CPU = Debug|Any CPU
		Release|Any CPU = Release|Any CPU
	EndGlobalSection
	GlobalSection(ProjectConfigurationPlatforms) = postSolution
		{FB6AC376-3151-4999-B477-E571C50FFD5F}.Debug|Any CPU.ActiveCfg = Debug|Any CPU
		{FB6AC376-3151-4999-B477-E571C50FFD5F}.Debug|Any CPU.Build.0 = Debug|Any CPU
		{FB6AC376-3151-4999-B477-E571C50FFD5F}.Release|Any CPU.ActiveCfg = Release|Any CPU
		{FB6AC376-3151-4999-B477-E571C50FFD5F}.Release|Any CPU.Build.0 = Release|Any CPU
		{AC5B46BE-20F2-44FD-987E-FABC789E79D6}.Debug|Any CPU.ActiveCfg = Debug|Any CPU
		{AC5B46BE-20F2-44FD-987E-FABC789E79D6}.Debug|Any CPU.Build.0 = Debug|Any CPU
		{AC5B46BE-20F2-44FD-987E-FABC789E79D6}.Release|Any CPU.ActiveCfg = Release|Any CPU
		{AC5B46BE-20F2-44FD-987E-FABC789E79D6}.Release|Any CPU.Build.0 = Release|Any CPU
		{409F09EA-48EF-44B5-A570-6BBEA5312AB6}.Debug|Any CPU.ActiveCfg = Debug|Any CPU
		{409F09EA-48EF-44B5-A570-6BBEA5312AB6}.Debug|Any CPU.Build.0 = Debug|Any CPU
		{409F09EA-48EF-44B5-A570-6BBEA5312AB6}.Release|Any CPU.ActiveCfg = Release|Any CPU
		{409F09EA-48EF-44B5-A570-6BBEA5312AB6}.Release|Any CPU.Build.0 = Release|Any CPU
		{A753F6D0-B5BA-4C64-9786-E86E1802996C}.Debug|Any CPU.ActiveCfg = Debug|Any CPU
		{A753F6D0-B5BA-4C64-9786-E86E1802996C}.Debug|Any CPU.Build.0 = Debug|Any CPU
		{A753F6D0-B5BA-4C64-9786-E86E1802996C}.Release|Any CPU.ActiveCfg = Release|Any CPU
		{A753F6D0-B5BA-4C64-9786-E86E1802996C}.Release|Any CPU.Build.0 = Release|Any CPU
	EndGlobalSection
	GlobalSection(SolutionProperties) = preSolution
		HideSolutionNode = FALSE
	EndGlobalSection
	GlobalSection(ExtensibilityGlobals) = postSolution
		SolutionGuid = {A64336B5-F496-4E00-A985-AA1E3B82594E}
	EndGlobalSection
EndGlobal
